// !$*UTF8*$!
{
	archiveVersion = 1;
	classes = {
	};
	objectVersion = 56;
	objects = {

/* Begin PBXBuildFile section */
		04266FC12C1B3735007C8197 /* AppDelegate.swift in Sources */ = {isa = PBXBuildFile; fileRef = 04266FC02C1B3735007C8197 /* AppDelegate.swift */; };
		04266FC32C1B3735007C8197 /* SceneDelegate.swift in Sources */ = {isa = PBXBuildFile; fileRef = 04266FC22C1B3735007C8197 /* SceneDelegate.swift */; };
		04266FCA2C1B3736007C8197 /* Assets.xcassets in Resources */ = {isa = PBXBuildFile; fileRef = 04266FC92C1B3736007C8197 /* Assets.xcassets */; };
		04266FCD2C1B3736007C8197 /* Base in Resources */ = {isa = PBXBuildFile; fileRef = 04266FCC2C1B3736007C8197 /* Base */; };
		04266FD62C1B3800007C8197 /* SnapKit in Frameworks */ = {isa = PBXBuildFile; productRef = 04266FD52C1B3800007C8197 /* SnapKit */; };
		04266FD92C1B380A007C8197 /* Alamofire in Frameworks */ = {isa = PBXBuildFile; productRef = 04266FD82C1B380A007C8197 /* Alamofire */; };
		04266FDC2C1B3813007C8197 /* Kingfisher in Frameworks */ = {isa = PBXBuildFile; productRef = 04266FDB2C1B3813007C8197 /* Kingfisher */; };
		04266FDF2C1B381A007C8197 /* IQKeyboardManagerSwift in Frameworks */ = {isa = PBXBuildFile; productRef = 04266FDE2C1B381A007C8197 /* IQKeyboardManagerSwift */; };
		04266FE12C1B3897007C8197 /* ProfileSettingViewController.swift in Sources */ = {isa = PBXBuildFile; fileRef = 04266FE02C1B3897007C8197 /* ProfileSettingViewController.swift */; };
		04266FE32C1B38B4007C8197 /* OnBoardingViewController.swift in Sources */ = {isa = PBXBuildFile; fileRef = 04266FE22C1B38B4007C8197 /* OnBoardingViewController.swift */; };
		04266FE52C1B390B007C8197 /* DesignResource.swift in Sources */ = {isa = PBXBuildFile; fileRef = 04266FE42C1B390B007C8197 /* DesignResource.swift */; };
		04266FE72C1B3926007C8197 /* PointButton.swift in Sources */ = {isa = PBXBuildFile; fileRef = 04266FE62C1B3926007C8197 /* PointButton.swift */; };
		04266FE92C1B3939007C8197 /* ProfileButton.swift in Sources */ = {isa = PBXBuildFile; fileRef = 04266FE82C1B3939007C8197 /* ProfileButton.swift */; };
		04266FEF2C1B3B85007C8197 /* SelectProfileImgViewController.swift in Sources */ = {isa = PBXBuildFile; fileRef = 04266FEE2C1B3B85007C8197 /* SelectProfileImgViewController.swift */; };
		04266FF12C1B3DD9007C8197 /* ProfileImgCollectionViewCell.swift in Sources */ = {isa = PBXBuildFile; fileRef = 04266FF02C1B3DD9007C8197 /* ProfileImgCollectionViewCell.swift */; };
		04266FF42C1B3E03007C8197 /* IdProtocol.swift in Sources */ = {isa = PBXBuildFile; fileRef = 04266FF32C1B3E03007C8197 /* IdProtocol.swift */; };
		04266FFA2C1B4263007C8197 /* ProfileSubButton.swift in Sources */ = {isa = PBXBuildFile; fileRef = 04266FF92C1B4263007C8197 /* ProfileSubButton.swift */; };
		04266FFC2C1B48E0007C8197 /* UserDefaultsManager.swift in Sources */ = {isa = PBXBuildFile; fileRef = 04266FFB2C1B48E0007C8197 /* UserDefaultsManager.swift */; };
		042670002C1B4CE0007C8197 /* Enum.swift in Sources */ = {isa = PBXBuildFile; fileRef = 04266FFF2C1B4CE0007C8197 /* Enum.swift */; };
		042670022C1C162D007C8197 /* MainViewController.swift in Sources */ = {isa = PBXBuildFile; fileRef = 042670012C1C162D007C8197 /* MainViewController.swift */; };
		042670042C1C18CD007C8197 /* .gitignore in Resources */ = {isa = PBXBuildFile; fileRef = 042670032C1C18CD007C8197 /* .gitignore */; };
		042670082C1C2079007C8197 /* DividerLine.swift in Sources */ = {isa = PBXBuildFile; fileRef = 042670072C1C2079007C8197 /* DividerLine.swift */; };
		0426700D2C1C2729007C8197 /* RecentSearchTableViewCell.swift in Sources */ = {isa = PBXBuildFile; fileRef = 0426700C2C1C2729007C8197 /* RecentSearchTableViewCell.swift */; };
		0426700F2C1C2A77007C8197 /* SearchResultViewController.swift in Sources */ = {isa = PBXBuildFile; fileRef = 0426700E2C1C2A77007C8197 /* SearchResultViewController.swift */; };
		042670122C1C2C4D007C8197 /* TabViewController.swift in Sources */ = {isa = PBXBuildFile; fileRef = 042670112C1C2C4D007C8197 /* TabViewController.swift */; };
		042670142C1C2CD7007C8197 /* SettingViewController.swift in Sources */ = {isa = PBXBuildFile; fileRef = 042670132C1C2CD7007C8197 /* SettingViewController.swift */; };
		042670192C1C3747007C8197 /* Shopping.swift in Sources */ = {isa = PBXBuildFile; fileRef = 042670182C1C3747007C8197 /* Shopping.swift */; };
		0426701C2C1C3A47007C8197 /* SearchResultCollectionViewCell.swift in Sources */ = {isa = PBXBuildFile; fileRef = 0426701B2C1C3A47007C8197 /* SearchResultCollectionViewCell.swift */; };
		0426701E2C1C4A7B007C8197 /* SortButton.swift in Sources */ = {isa = PBXBuildFile; fileRef = 0426701D2C1C4A7B007C8197 /* SortButton.swift */; };
		042670202C1C60AA007C8197 /* SearchResultDetailViewController.swift in Sources */ = {isa = PBXBuildFile; fileRef = 0426701F2C1C60AA007C8197 /* SearchResultDetailViewController.swift */; };
		042670242C1DACAF007C8197 /* SettingTableViewCell.swift in Sources */ = {isa = PBXBuildFile; fileRef = 042670232C1DACAF007C8197 /* SettingTableViewCell.swift */; };
		042670262C1DAE8B007C8197 /* MyProfileTableViewCell.swift in Sources */ = {isa = PBXBuildFile; fileRef = 042670252C1DAE8B007C8197 /* MyProfileTableViewCell.swift */; };
		042E425B2C2C39A30024E5A2 /* BaseCell.swift in Sources */ = {isa = PBXBuildFile; fileRef = 042E425A2C2C39A30024E5A2 /* BaseCell.swift */; };
		042E425F2C2C54600024E5A2 /* String+Extension.swift in Sources */ = {isa = PBXBuildFile; fileRef = 042E425E2C2C54600024E5A2 /* String+Extension.swift */; };
		042E42612C2C54720024E5A2 /* DateFormatter+Extension.swift in Sources */ = {isa = PBXBuildFile; fileRef = 042E42602C2C54720024E5A2 /* DateFormatter+Extension.swift */; };
		042E42642C2D07F70024E5A2 /* Reachability in Frameworks */ = {isa = PBXBuildFile; productRef = 042E42632C2D07F70024E5A2 /* Reachability */; };
		043582962C395F180045B1FE /* EmptyView.swift in Sources */ = {isa = PBXBuildFile; fileRef = 043582952C395F180045B1FE /* EmptyView.swift */; };
		043582982C3966A10045B1FE /* myShoppingsCollectionViewCell.swift in Sources */ = {isa = PBXBuildFile; fileRef = 043582972C3966A10045B1FE /* myShoppingsCollectionViewCell.swift */; };
		04BFE1E62C2C12ED00D741E1 /* UIViewController+Extension.swift in Sources */ = {isa = PBXBuildFile; fileRef = 04BFE1E52C2C12ED00D741E1 /* UIViewController+Extension.swift */; };
		04BFE1E82C2C133F00D741E1 /* UICollectionViewLayout+Extension.swift in Sources */ = {isa = PBXBuildFile; fileRef = 04BFE1E72C2C133F00D741E1 /* UICollectionViewLayout+Extension.swift */; };
		04BFE1EC2C2C354100D741E1 /* BaseViewController.swift in Sources */ = {isa = PBXBuildFile; fileRef = 04BFE1EB2C2C354100D741E1 /* BaseViewController.swift */; };
		04C24D5D2C2EEF0F00AFAF9A /* MyShoppingListView.swift in Sources */ = {isa = PBXBuildFile; fileRef = 04C24D5C2C2EEF0F00AFAF9A /* MyShoppingListView.swift */; };
		04C264FF2C393B14009EDDB9 /* APIKey.swift in Sources */ = {isa = PBXBuildFile; fileRef = 04C264FE2C393B14009EDDB9 /* APIKey.swift */; };
		04C265022C393BF4009EDDB9 /* RealmSwift in Frameworks */ = {isa = PBXBuildFile; productRef = 04C265012C393BF4009EDDB9 /* RealmSwift */; };
		04C265042C394121009EDDB9 /* MyShopping.swift in Sources */ = {isa = PBXBuildFile; fileRef = 04C265032C394121009EDDB9 /* MyShopping.swift */; };
		04C40C8E2C24145E00052A82 /* NaverShoppingManager.swift in Sources */ = {isa = PBXBuildFile; fileRef = 04C40C8D2C24145E00052A82 /* NaverShoppingManager.swift */; };
		04C40C902C2549C400052A82 /* ErrorManager.swift in Sources */ = {isa = PBXBuildFile; fileRef = 04C40C8F2C2549C400052A82 /* ErrorManager.swift */; };
/* End PBXBuildFile section */

/* Begin PBXFileReference section */
		04266FBD2C1B3735007C8197 /* DaItSSo.app */ = {isa = PBXFileReference; explicitFileType = wrapper.application; includeInIndex = 0; path = DaItSSo.app; sourceTree = BUILT_PRODUCTS_DIR; };
		04266FC02C1B3735007C8197 /* AppDelegate.swift */ = {isa = PBXFileReference; lastKnownFileType = sourcecode.swift; path = AppDelegate.swift; sourceTree = "<group>"; };
		04266FC22C1B3735007C8197 /* SceneDelegate.swift */ = {isa = PBXFileReference; lastKnownFileType = sourcecode.swift; path = SceneDelegate.swift; sourceTree = "<group>"; };
		04266FC92C1B3736007C8197 /* Assets.xcassets */ = {isa = PBXFileReference; lastKnownFileType = folder.assetcatalog; path = Assets.xcassets; sourceTree = "<group>"; };
		04266FCC2C1B3736007C8197 /* Base */ = {isa = PBXFileReference; lastKnownFileType = file.storyboard; name = Base; path = Base.lproj/LaunchScreen.storyboard; sourceTree = "<group>"; };
		04266FCE2C1B3736007C8197 /* Info.plist */ = {isa = PBXFileReference; lastKnownFileType = text.plist.xml; path = Info.plist; sourceTree = "<group>"; };
		04266FE02C1B3897007C8197 /* ProfileSettingViewController.swift */ = {isa = PBXFileReference; lastKnownFileType = sourcecode.swift; path = ProfileSettingViewController.swift; sourceTree = "<group>"; };
		04266FE22C1B38B4007C8197 /* OnBoardingViewController.swift */ = {isa = PBXFileReference; lastKnownFileType = sourcecode.swift; path = OnBoardingViewController.swift; sourceTree = "<group>"; };
		04266FE42C1B390B007C8197 /* DesignResource.swift */ = {isa = PBXFileReference; lastKnownFileType = sourcecode.swift; path = DesignResource.swift; sourceTree = "<group>"; };
		04266FE62C1B3926007C8197 /* PointButton.swift */ = {isa = PBXFileReference; lastKnownFileType = sourcecode.swift; path = PointButton.swift; sourceTree = "<group>"; };
		04266FE82C1B3939007C8197 /* ProfileButton.swift */ = {isa = PBXFileReference; lastKnownFileType = sourcecode.swift; path = ProfileButton.swift; sourceTree = "<group>"; };
		04266FEE2C1B3B85007C8197 /* SelectProfileImgViewController.swift */ = {isa = PBXFileReference; lastKnownFileType = sourcecode.swift; path = SelectProfileImgViewController.swift; sourceTree = "<group>"; };
		04266FF02C1B3DD9007C8197 /* ProfileImgCollectionViewCell.swift */ = {isa = PBXFileReference; lastKnownFileType = sourcecode.swift; path = ProfileImgCollectionViewCell.swift; sourceTree = "<group>"; };
		04266FF32C1B3E03007C8197 /* IdProtocol.swift */ = {isa = PBXFileReference; lastKnownFileType = sourcecode.swift; path = IdProtocol.swift; sourceTree = "<group>"; };
		04266FF92C1B4263007C8197 /* ProfileSubButton.swift */ = {isa = PBXFileReference; lastKnownFileType = sourcecode.swift; path = ProfileSubButton.swift; sourceTree = "<group>"; };
		04266FFB2C1B48E0007C8197 /* UserDefaultsManager.swift */ = {isa = PBXFileReference; lastKnownFileType = sourcecode.swift; path = UserDefaultsManager.swift; sourceTree = "<group>"; };
		04266FFF2C1B4CE0007C8197 /* Enum.swift */ = {isa = PBXFileReference; lastKnownFileType = sourcecode.swift; path = Enum.swift; sourceTree = "<group>"; };
		042670012C1C162D007C8197 /* MainViewController.swift */ = {isa = PBXFileReference; lastKnownFileType = sourcecode.swift; path = MainViewController.swift; sourceTree = "<group>"; };
		042670032C1C18CD007C8197 /* .gitignore */ = {isa = PBXFileReference; lastKnownFileType = text; path = .gitignore; sourceTree = "<group>"; };
		042670072C1C2079007C8197 /* DividerLine.swift */ = {isa = PBXFileReference; lastKnownFileType = sourcecode.swift; path = DividerLine.swift; sourceTree = "<group>"; };
		0426700C2C1C2729007C8197 /* RecentSearchTableViewCell.swift */ = {isa = PBXFileReference; lastKnownFileType = sourcecode.swift; path = RecentSearchTableViewCell.swift; sourceTree = "<group>"; };
		0426700E2C1C2A77007C8197 /* SearchResultViewController.swift */ = {isa = PBXFileReference; lastKnownFileType = sourcecode.swift; path = SearchResultViewController.swift; sourceTree = "<group>"; };
		042670112C1C2C4D007C8197 /* TabViewController.swift */ = {isa = PBXFileReference; lastKnownFileType = sourcecode.swift; path = TabViewController.swift; sourceTree = "<group>"; };
		042670132C1C2CD7007C8197 /* SettingViewController.swift */ = {isa = PBXFileReference; lastKnownFileType = sourcecode.swift; path = SettingViewController.swift; sourceTree = "<group>"; };
		042670182C1C3747007C8197 /* Shopping.swift */ = {isa = PBXFileReference; lastKnownFileType = sourcecode.swift; path = Shopping.swift; sourceTree = "<group>"; };
		0426701B2C1C3A47007C8197 /* SearchResultCollectionViewCell.swift */ = {isa = PBXFileReference; lastKnownFileType = sourcecode.swift; path = SearchResultCollectionViewCell.swift; sourceTree = "<group>"; };
		0426701D2C1C4A7B007C8197 /* SortButton.swift */ = {isa = PBXFileReference; lastKnownFileType = sourcecode.swift; path = SortButton.swift; sourceTree = "<group>"; };
		0426701F2C1C60AA007C8197 /* SearchResultDetailViewController.swift */ = {isa = PBXFileReference; lastKnownFileType = sourcecode.swift; path = SearchResultDetailViewController.swift; sourceTree = "<group>"; };
		042670232C1DACAF007C8197 /* SettingTableViewCell.swift */ = {isa = PBXFileReference; lastKnownFileType = sourcecode.swift; path = SettingTableViewCell.swift; sourceTree = "<group>"; };
		042670252C1DAE8B007C8197 /* MyProfileTableViewCell.swift */ = {isa = PBXFileReference; lastKnownFileType = sourcecode.swift; path = MyProfileTableViewCell.swift; sourceTree = "<group>"; };
		042E425A2C2C39A30024E5A2 /* BaseCell.swift */ = {isa = PBXFileReference; lastKnownFileType = sourcecode.swift; path = BaseCell.swift; sourceTree = "<group>"; };
		042E425E2C2C54600024E5A2 /* String+Extension.swift */ = {isa = PBXFileReference; lastKnownFileType = sourcecode.swift; path = "String+Extension.swift"; sourceTree = "<group>"; };
		042E42602C2C54720024E5A2 /* DateFormatter+Extension.swift */ = {isa = PBXFileReference; lastKnownFileType = sourcecode.swift; path = "DateFormatter+Extension.swift"; sourceTree = "<group>"; };
		043582952C395F180045B1FE /* EmptyView.swift */ = {isa = PBXFileReference; lastKnownFileType = sourcecode.swift; path = EmptyView.swift; sourceTree = "<group>"; };
		043582972C3966A10045B1FE /* myShoppingsCollectionViewCell.swift */ = {isa = PBXFileReference; lastKnownFileType = sourcecode.swift; path = myShoppingsCollectionViewCell.swift; sourceTree = "<group>"; };
		04BFE1E52C2C12ED00D741E1 /* UIViewController+Extension.swift */ = {isa = PBXFileReference; lastKnownFileType = sourcecode.swift; path = "UIViewController+Extension.swift"; sourceTree = "<group>"; };
		04BFE1E72C2C133F00D741E1 /* UICollectionViewLayout+Extension.swift */ = {isa = PBXFileReference; lastKnownFileType = sourcecode.swift; path = "UICollectionViewLayout+Extension.swift"; sourceTree = "<group>"; };
		04BFE1EB2C2C354100D741E1 /* BaseViewController.swift */ = {isa = PBXFileReference; lastKnownFileType = sourcecode.swift; path = BaseViewController.swift; sourceTree = "<group>"; };
		04C24D5C2C2EEF0F00AFAF9A /* MyShoppingListView.swift */ = {isa = PBXFileReference; lastKnownFileType = sourcecode.swift; path = MyShoppingListView.swift; sourceTree = "<group>"; };
		04C264FE2C393B14009EDDB9 /* APIKey.swift */ = {isa = PBXFileReference; fileEncoding = 4; lastKnownFileType = sourcecode.swift; path = APIKey.swift; sourceTree = "<group>"; };
		04C265032C394121009EDDB9 /* MyShopping.swift */ = {isa = PBXFileReference; fileEncoding = 4; lastKnownFileType = sourcecode.swift; path = MyShopping.swift; sourceTree = "<group>"; };
		04C40C8D2C24145E00052A82 /* NaverShoppingManager.swift */ = {isa = PBXFileReference; lastKnownFileType = sourcecode.swift; path = NaverShoppingManager.swift; sourceTree = "<group>"; };
		04C40C8F2C2549C400052A82 /* ErrorManager.swift */ = {isa = PBXFileReference; lastKnownFileType = sourcecode.swift; path = ErrorManager.swift; sourceTree = "<group>"; };
/* End PBXFileReference section */

/* Begin PBXFrameworksBuildPhase section */
		04266FBA2C1B3735007C8197 /* Frameworks */ = {
			isa = PBXFrameworksBuildPhase;
			buildActionMask = 2147483647;
			files = (
				04C265022C393BF4009EDDB9 /* RealmSwift in Frameworks */,
				04266FDC2C1B3813007C8197 /* Kingfisher in Frameworks */,
				04266FDF2C1B381A007C8197 /* IQKeyboardManagerSwift in Frameworks */,
				042E42642C2D07F70024E5A2 /* Reachability in Frameworks */,
				04266FD62C1B3800007C8197 /* SnapKit in Frameworks */,
				04266FD92C1B380A007C8197 /* Alamofire in Frameworks */,
			);
			runOnlyForDeploymentPostprocessing = 0;
		};
/* End PBXFrameworksBuildPhase section */

/* Begin PBXGroup section */
		04266FB42C1B3735007C8197 = {
			isa = PBXGroup;
			children = (
				042670032C1C18CD007C8197 /* .gitignore */,
				04266FBF2C1B3735007C8197 /* DaItSSo */,
				04266FBE2C1B3735007C8197 /* Products */,
			);
			sourceTree = "<group>";
		};
		04266FBE2C1B3735007C8197 /* Products */ = {
			isa = PBXGroup;
			children = (
				04266FBD2C1B3735007C8197 /* DaItSSo.app */,
			);
			name = Products;
			sourceTree = "<group>";
		};
		04266FBF2C1B3735007C8197 /* DaItSSo */ = {
			isa = PBXGroup;
			children = (
				04266FC02C1B3735007C8197 /* AppDelegate.swift */,
				04266FC22C1B3735007C8197 /* SceneDelegate.swift */,
				04BFE1EA2C2C353000D741E1 /* Base */,
				04266FED2C1B3985007C8197 /* CustomViews */,
				042670162C1C33F7007C8197 /* AppOnBoarding */,
				042670172C1C3416007C8197 /* AppMain */,
				04266FC92C1B3736007C8197 /* Assets.xcassets */,
				04266FCB2C1B3736007C8197 /* LaunchScreen.storyboard */,
				04266FCE2C1B3736007C8197 /* Info.plist */,
				04BFE1E92C2C136E00D741E1 /* Extension */,
				04266FEC2C1B397D007C8197 /* Resource */,
				0426701A2C1C388D007C8197 /* Data */,
			);
			path = DaItSSo;
			sourceTree = "<group>";
		};
		04266FEC2C1B397D007C8197 /* Resource */ = {
			isa = PBXGroup;
			children = (
				04266FE42C1B390B007C8197 /* DesignResource.swift */,
			);
			path = Resource;
			sourceTree = "<group>";
		};
		04266FED2C1B3985007C8197 /* CustomViews */ = {
			isa = PBXGroup;
			children = (
				04266FE62C1B3926007C8197 /* PointButton.swift */,
				04266FE82C1B3939007C8197 /* ProfileButton.swift */,
				04266FF92C1B4263007C8197 /* ProfileSubButton.swift */,
				042670072C1C2079007C8197 /* DividerLine.swift */,
				043582952C395F180045B1FE /* EmptyView.swift */,
				0426701D2C1C4A7B007C8197 /* SortButton.swift */,
			);
			path = CustomViews;
			sourceTree = "<group>";
		};
		04266FF22C1B3DE1007C8197 /* ProfileSetting */ = {
			isa = PBXGroup;
			children = (
				04266FE02C1B3897007C8197 /* ProfileSettingViewController.swift */,
				04266FEE2C1B3B85007C8197 /* SelectProfileImgViewController.swift */,
				04266FF02C1B3DD9007C8197 /* ProfileImgCollectionViewCell.swift */,
			);
			path = ProfileSetting;
			sourceTree = "<group>";
		};
		042670092C1C214A007C8197 /* Main */ = {
			isa = PBXGroup;
			children = (
				042670012C1C162D007C8197 /* MainViewController.swift */,
				0426700C2C1C2729007C8197 /* RecentSearchTableViewCell.swift */,
				042670102C1C2A82007C8197 /* SearchResult */,
			);
			path = Main;
			sourceTree = "<group>";
		};
		042670102C1C2A82007C8197 /* SearchResult */ = {
			isa = PBXGroup;
			children = (
				0426700E2C1C2A77007C8197 /* SearchResultViewController.swift */,
				0426701B2C1C3A47007C8197 /* SearchResultCollectionViewCell.swift */,
				0426701F2C1C60AA007C8197 /* SearchResultDetailViewController.swift */,
			);
			path = SearchResult;
			sourceTree = "<group>";
		};
		042670152C1C2E0E007C8197 /* Setting */ = {
			isa = PBXGroup;
			children = (
				042670132C1C2CD7007C8197 /* SettingViewController.swift */,
				042670252C1DAE8B007C8197 /* MyProfileTableViewCell.swift */,
				042670232C1DACAF007C8197 /* SettingTableViewCell.swift */,
			);
			path = Setting;
			sourceTree = "<group>";
		};
		042670162C1C33F7007C8197 /* AppOnBoarding */ = {
			isa = PBXGroup;
			children = (
				04266FE22C1B38B4007C8197 /* OnBoardingViewController.swift */,
				04266FF22C1B3DE1007C8197 /* ProfileSetting */,
			);
			path = AppOnBoarding;
			sourceTree = "<group>";
		};
		042670172C1C3416007C8197 /* AppMain */ = {
			isa = PBXGroup;
			children = (
				042670112C1C2C4D007C8197 /* TabViewController.swift */,
				042670092C1C214A007C8197 /* Main */,
				043582922C395A8F0045B1FE /* MyShopping */,
				042670152C1C2E0E007C8197 /* Setting */,
			);
			path = AppMain;
			sourceTree = "<group>";
		};
		0426701A2C1C388D007C8197 /* Data */ = {
			isa = PBXGroup;
			children = (
				04266FFF2C1B4CE0007C8197 /* Enum.swift */,
				04C265032C394121009EDDB9 /* MyShopping.swift */,
				04C40C8D2C24145E00052A82 /* NaverShoppingManager.swift */,
				04266FFB2C1B48E0007C8197 /* UserDefaultsManager.swift */,
				04C40C8F2C2549C400052A82 /* ErrorManager.swift */,
				042670182C1C3747007C8197 /* Shopping.swift */,
				04C264FE2C393B14009EDDB9 /* APIKey.swift */,
			);
			path = Data;
			sourceTree = "<group>";
		};
		043582922C395A8F0045B1FE /* MyShopping */ = {
			isa = PBXGroup;
			children = (
				04C24D5C2C2EEF0F00AFAF9A /* MyShoppingListView.swift */,
				043582972C3966A10045B1FE /* myShoppingsCollectionViewCell.swift */,
			);
			path = MyShopping;
			sourceTree = "<group>";
		};
		04BFE1E92C2C136E00D741E1 /* Extension */ = {
			isa = PBXGroup;
			children = (
				04266FF32C1B3E03007C8197 /* IdProtocol.swift */,
				04BFE1E52C2C12ED00D741E1 /* UIViewController+Extension.swift */,
				04BFE1E72C2C133F00D741E1 /* UICollectionViewLayout+Extension.swift */,
				042E425E2C2C54600024E5A2 /* String+Extension.swift */,
				042E42602C2C54720024E5A2 /* DateFormatter+Extension.swift */,
			);
			path = Extension;
			sourceTree = "<group>";
		};
		04BFE1EA2C2C353000D741E1 /* Base */ = {
			isa = PBXGroup;
			children = (
				04BFE1EB2C2C354100D741E1 /* BaseViewController.swift */,
				042E425A2C2C39A30024E5A2 /* BaseCell.swift */,
			);
			path = Base;
			sourceTree = "<group>";
		};
/* End PBXGroup section */

/* Begin PBXNativeTarget section */
		04266FBC2C1B3735007C8197 /* DaItSSo */ = {
			isa = PBXNativeTarget;
			buildConfigurationList = 04266FD12C1B3736007C8197 /* Build configuration list for PBXNativeTarget "DaItSSo" */;
			buildPhases = (
				04266FB92C1B3735007C8197 /* Sources */,
				04266FBA2C1B3735007C8197 /* Frameworks */,
				04266FBB2C1B3735007C8197 /* Resources */,
			);
			buildRules = (
			);
			dependencies = (
			);
			name = DaItSSo;
			packageProductDependencies = (
				04266FD52C1B3800007C8197 /* SnapKit */,
				04266FD82C1B380A007C8197 /* Alamofire */,
				04266FDB2C1B3813007C8197 /* Kingfisher */,
				04266FDE2C1B381A007C8197 /* IQKeyboardManagerSwift */,
				042E42632C2D07F70024E5A2 /* Reachability */,
				04C265012C393BF4009EDDB9 /* RealmSwift */,
			);
			productName = DaItSSo;
			productReference = 04266FBD2C1B3735007C8197 /* DaItSSo.app */;
			productType = "com.apple.product-type.application";
		};
/* End PBXNativeTarget section */

/* Begin PBXProject section */
		04266FB52C1B3735007C8197 /* Project object */ = {
			isa = PBXProject;
			attributes = {
				BuildIndependentTargetsInParallel = 1;
				LastSwiftUpdateCheck = 1540;
				LastUpgradeCheck = 1540;
				TargetAttributes = {
					04266FBC2C1B3735007C8197 = {
						CreatedOnToolsVersion = 15.4;
					};
				};
			};
			buildConfigurationList = 04266FB82C1B3735007C8197 /* Build configuration list for PBXProject "DaItSSo" */;
			compatibilityVersion = "Xcode 14.0";
			developmentRegion = en;
			hasScannedForEncodings = 0;
			knownRegions = (
				en,
				Base,
			);
			mainGroup = 04266FB42C1B3735007C8197;
			packageReferences = (
				04266FD42C1B3800007C8197 /* XCRemoteSwiftPackageReference "SnapKit" */,
				04266FD72C1B380A007C8197 /* XCRemoteSwiftPackageReference "Alamofire" */,
				04266FDA2C1B3813007C8197 /* XCRemoteSwiftPackageReference "Kingfisher" */,
				04266FDD2C1B381A007C8197 /* XCRemoteSwiftPackageReference "IQKeyboardManager" */,
				042E42622C2D07F70024E5A2 /* XCRemoteSwiftPackageReference "Reachability" */,
				04C265002C393BF4009EDDB9 /* XCRemoteSwiftPackageReference "realm-swift" */,
			);
			productRefGroup = 04266FBE2C1B3735007C8197 /* Products */;
			projectDirPath = "";
			projectRoot = "";
			targets = (
				04266FBC2C1B3735007C8197 /* DaItSSo */,
			);
		};
/* End PBXProject section */

/* Begin PBXResourcesBuildPhase section */
		04266FBB2C1B3735007C8197 /* Resources */ = {
			isa = PBXResourcesBuildPhase;
			buildActionMask = 2147483647;
			files = (
				04266FCA2C1B3736007C8197 /* Assets.xcassets in Resources */,
				042670042C1C18CD007C8197 /* .gitignore in Resources */,
				04266FCD2C1B3736007C8197 /* Base in Resources */,
			);
			runOnlyForDeploymentPostprocessing = 0;
		};
/* End PBXResourcesBuildPhase section */

/* Begin PBXSourcesBuildPhase section */
		04266FB92C1B3735007C8197 /* Sources */ = {
			isa = PBXSourcesBuildPhase;
			buildActionMask = 2147483647;
			files = (
				042670202C1C60AA007C8197 /* SearchResultDetailViewController.swift in Sources */,
				042E425F2C2C54600024E5A2 /* String+Extension.swift in Sources */,
				042670242C1DACAF007C8197 /* SettingTableViewCell.swift in Sources */,
				04C40C902C2549C400052A82 /* ErrorManager.swift in Sources */,
				0426701E2C1C4A7B007C8197 /* SortButton.swift in Sources */,
				042E425B2C2C39A30024E5A2 /* BaseCell.swift in Sources */,
				04BFE1EC2C2C354100D741E1 /* BaseViewController.swift in Sources */,
				04266FF12C1B3DD9007C8197 /* ProfileImgCollectionViewCell.swift in Sources */,
				04266FF42C1B3E03007C8197 /* IdProtocol.swift in Sources */,
				04266FE72C1B3926007C8197 /* PointButton.swift in Sources */,
				04266FFC2C1B48E0007C8197 /* UserDefaultsManager.swift in Sources */,
				042670002C1B4CE0007C8197 /* Enum.swift in Sources */,
				04BFE1E82C2C133F00D741E1 /* UICollectionViewLayout+Extension.swift in Sources */,
				042E42612C2C54720024E5A2 /* DateFormatter+Extension.swift in Sources */,
				043582982C3966A10045B1FE /* myShoppingsCollectionViewCell.swift in Sources */,
				04266FFA2C1B4263007C8197 /* ProfileSubButton.swift in Sources */,
				042670192C1C3747007C8197 /* Shopping.swift in Sources */,
				04266FC12C1B3735007C8197 /* AppDelegate.swift in Sources */,
				04266FEF2C1B3B85007C8197 /* SelectProfileImgViewController.swift in Sources */,
				04BFE1E62C2C12ED00D741E1 /* UIViewController+Extension.swift in Sources */,
				0426700D2C1C2729007C8197 /* RecentSearchTableViewCell.swift in Sources */,
				04C24D5D2C2EEF0F00AFAF9A /* MyShoppingListView.swift in Sources */,
				0426700F2C1C2A77007C8197 /* SearchResultViewController.swift in Sources */,
				042670262C1DAE8B007C8197 /* MyProfileTableViewCell.swift in Sources */,
				042670022C1C162D007C8197 /* MainViewController.swift in Sources */,
				043582962C395F180045B1FE /* EmptyView.swift in Sources */,
				04266FE92C1B3939007C8197 /* ProfileButton.swift in Sources */,
				042670082C1C2079007C8197 /* DividerLine.swift in Sources */,
				04266FC32C1B3735007C8197 /* SceneDelegate.swift in Sources */,
				04C265042C394121009EDDB9 /* MyShopping.swift in Sources */,
				042670142C1C2CD7007C8197 /* SettingViewController.swift in Sources */,
				04266FE52C1B390B007C8197 /* DesignResource.swift in Sources */,
				04266FE12C1B3897007C8197 /* ProfileSettingViewController.swift in Sources */,
				04C40C8E2C24145E00052A82 /* NaverShoppingManager.swift in Sources */,
				04266FE32C1B38B4007C8197 /* OnBoardingViewController.swift in Sources */,
				042670122C1C2C4D007C8197 /* TabViewController.swift in Sources */,
				04C264FF2C393B14009EDDB9 /* APIKey.swift in Sources */,
				0426701C2C1C3A47007C8197 /* SearchResultCollectionViewCell.swift in Sources */,
			);
			runOnlyForDeploymentPostprocessing = 0;
		};
/* End PBXSourcesBuildPhase section */

/* Begin PBXVariantGroup section */
		04266FCB2C1B3736007C8197 /* LaunchScreen.storyboard */ = {
			isa = PBXVariantGroup;
			children = (
				04266FCC2C1B3736007C8197 /* Base */,
			);
			name = LaunchScreen.storyboard;
			sourceTree = "<group>";
		};
/* End PBXVariantGroup section */

/* Begin XCBuildConfiguration section */
		04266FCF2C1B3736007C8197 /* Debug */ = {
			isa = XCBuildConfiguration;
			buildSettings = {
				ALWAYS_SEARCH_USER_PATHS = NO;
				ASSETCATALOG_COMPILER_GENERATE_SWIFT_ASSET_SYMBOL_EXTENSIONS = YES;
				CLANG_ANALYZER_NONNULL = YES;
				CLANG_ANALYZER_NUMBER_OBJECT_CONVERSION = YES_AGGRESSIVE;
				CLANG_CXX_LANGUAGE_STANDARD = "gnu++20";
				CLANG_ENABLE_MODULES = YES;
				CLANG_ENABLE_OBJC_ARC = YES;
				CLANG_ENABLE_OBJC_WEAK = YES;
				CLANG_WARN_BLOCK_CAPTURE_AUTORELEASING = YES;
				CLANG_WARN_BOOL_CONVERSION = YES;
				CLANG_WARN_COMMA = YES;
				CLANG_WARN_CONSTANT_CONVERSION = YES;
				CLANG_WARN_DEPRECATED_OBJC_IMPLEMENTATIONS = YES;
				CLANG_WARN_DIRECT_OBJC_ISA_USAGE = YES_ERROR;
				CLANG_WARN_DOCUMENTATION_COMMENTS = YES;
				CLANG_WARN_EMPTY_BODY = YES;
				CLANG_WARN_ENUM_CONVERSION = YES;
				CLANG_WARN_INFINITE_RECURSION = YES;
				CLANG_WARN_INT_CONVERSION = YES;
				CLANG_WARN_NON_LITERAL_NULL_CONVERSION = YES;
				CLANG_WARN_OBJC_IMPLICIT_RETAIN_SELF = YES;
				CLANG_WARN_OBJC_LITERAL_CONVERSION = YES;
				CLANG_WARN_OBJC_ROOT_CLASS = YES_ERROR;
				CLANG_WARN_QUOTED_INCLUDE_IN_FRAMEWORK_HEADER = YES;
				CLANG_WARN_RANGE_LOOP_ANALYSIS = YES;
				CLANG_WARN_STRICT_PROTOTYPES = YES;
				CLANG_WARN_SUSPICIOUS_MOVE = YES;
				CLANG_WARN_UNGUARDED_AVAILABILITY = YES_AGGRESSIVE;
				CLANG_WARN_UNREACHABLE_CODE = YES;
				CLANG_WARN__DUPLICATE_METHOD_MATCH = YES;
				COPY_PHASE_STRIP = NO;
				DEBUG_INFORMATION_FORMAT = dwarf;
				ENABLE_STRICT_OBJC_MSGSEND = YES;
				ENABLE_TESTABILITY = YES;
				ENABLE_USER_SCRIPT_SANDBOXING = YES;
				GCC_C_LANGUAGE_STANDARD = gnu17;
				GCC_DYNAMIC_NO_PIC = NO;
				GCC_NO_COMMON_BLOCKS = YES;
				GCC_OPTIMIZATION_LEVEL = 0;
				GCC_PREPROCESSOR_DEFINITIONS = (
					"DEBUG=1",
					"$(inherited)",
				);
				GCC_WARN_64_TO_32_BIT_CONVERSION = YES;
				GCC_WARN_ABOUT_RETURN_TYPE = YES_ERROR;
				GCC_WARN_UNDECLARED_SELECTOR = YES;
				GCC_WARN_UNINITIALIZED_AUTOS = YES_AGGRESSIVE;
				GCC_WARN_UNUSED_FUNCTION = YES;
				GCC_WARN_UNUSED_VARIABLE = YES;
				IPHONEOS_DEPLOYMENT_TARGET = 17.5;
				LOCALIZATION_PREFERS_STRING_CATALOGS = YES;
				MTL_ENABLE_DEBUG_INFO = INCLUDE_SOURCE;
				MTL_FAST_MATH = YES;
				ONLY_ACTIVE_ARCH = YES;
				SDKROOT = iphoneos;
				SWIFT_ACTIVE_COMPILATION_CONDITIONS = "DEBUG $(inherited)";
				SWIFT_OPTIMIZATION_LEVEL = "-Onone";
			};
			name = Debug;
		};
		04266FD02C1B3736007C8197 /* Release */ = {
			isa = XCBuildConfiguration;
			buildSettings = {
				ALWAYS_SEARCH_USER_PATHS = NO;
				ASSETCATALOG_COMPILER_GENERATE_SWIFT_ASSET_SYMBOL_EXTENSIONS = YES;
				CLANG_ANALYZER_NONNULL = YES;
				CLANG_ANALYZER_NUMBER_OBJECT_CONVERSION = YES_AGGRESSIVE;
				CLANG_CXX_LANGUAGE_STANDARD = "gnu++20";
				CLANG_ENABLE_MODULES = YES;
				CLANG_ENABLE_OBJC_ARC = YES;
				CLANG_ENABLE_OBJC_WEAK = YES;
				CLANG_WARN_BLOCK_CAPTURE_AUTORELEASING = YES;
				CLANG_WARN_BOOL_CONVERSION = YES;
				CLANG_WARN_COMMA = YES;
				CLANG_WARN_CONSTANT_CONVERSION = YES;
				CLANG_WARN_DEPRECATED_OBJC_IMPLEMENTATIONS = YES;
				CLANG_WARN_DIRECT_OBJC_ISA_USAGE = YES_ERROR;
				CLANG_WARN_DOCUMENTATION_COMMENTS = YES;
				CLANG_WARN_EMPTY_BODY = YES;
				CLANG_WARN_ENUM_CONVERSION = YES;
				CLANG_WARN_INFINITE_RECURSION = YES;
				CLANG_WARN_INT_CONVERSION = YES;
				CLANG_WARN_NON_LITERAL_NULL_CONVERSION = YES;
				CLANG_WARN_OBJC_IMPLICIT_RETAIN_SELF = YES;
				CLANG_WARN_OBJC_LITERAL_CONVERSION = YES;
				CLANG_WARN_OBJC_ROOT_CLASS = YES_ERROR;
				CLANG_WARN_QUOTED_INCLUDE_IN_FRAMEWORK_HEADER = YES;
				CLANG_WARN_RANGE_LOOP_ANALYSIS = YES;
				CLANG_WARN_STRICT_PROTOTYPES = YES;
				CLANG_WARN_SUSPICIOUS_MOVE = YES;
				CLANG_WARN_UNGUARDED_AVAILABILITY = YES_AGGRESSIVE;
				CLANG_WARN_UNREACHABLE_CODE = YES;
				CLANG_WARN__DUPLICATE_METHOD_MATCH = YES;
				COPY_PHASE_STRIP = NO;
				DEBUG_INFORMATION_FORMAT = "dwarf-with-dsym";
				ENABLE_NS_ASSERTIONS = NO;
				ENABLE_STRICT_OBJC_MSGSEND = YES;
				ENABLE_USER_SCRIPT_SANDBOXING = YES;
				GCC_C_LANGUAGE_STANDARD = gnu17;
				GCC_NO_COMMON_BLOCKS = YES;
				GCC_WARN_64_TO_32_BIT_CONVERSION = YES;
				GCC_WARN_ABOUT_RETURN_TYPE = YES_ERROR;
				GCC_WARN_UNDECLARED_SELECTOR = YES;
				GCC_WARN_UNINITIALIZED_AUTOS = YES_AGGRESSIVE;
				GCC_WARN_UNUSED_FUNCTION = YES;
				GCC_WARN_UNUSED_VARIABLE = YES;
				IPHONEOS_DEPLOYMENT_TARGET = 17.5;
				LOCALIZATION_PREFERS_STRING_CATALOGS = YES;
				MTL_ENABLE_DEBUG_INFO = NO;
				MTL_FAST_MATH = YES;
				SDKROOT = iphoneos;
				SWIFT_COMPILATION_MODE = wholemodule;
				VALIDATE_PRODUCT = YES;
			};
			name = Release;
		};
		04266FD22C1B3736007C8197 /* Debug */ = {
			isa = XCBuildConfiguration;
			buildSettings = {
				ASSETCATALOG_COMPILER_APPICON_NAME = AppIcon;
				ASSETCATALOG_COMPILER_GLOBAL_ACCENT_COLOR_NAME = AccentColor;
				CODE_SIGN_STYLE = Automatic;
				CURRENT_PROJECT_VERSION = 1;
				DEVELOPMENT_TEAM = "";
				GENERATE_INFOPLIST_FILE = YES;
				INFOPLIST_FILE = DaItSSo/Info.plist;
				INFOPLIST_KEY_CFBundleDisplayName = "김상규";
				INFOPLIST_KEY_UIApplicationSupportsIndirectInputEvents = YES;
				INFOPLIST_KEY_UILaunchStoryboardName = LaunchScreen;
				INFOPLIST_KEY_UISupportedInterfaceOrientations = UIInterfaceOrientationPortrait;
				INFOPLIST_KEY_UISupportedInterfaceOrientations_iPad = UIInterfaceOrientationPortrait;
				INFOPLIST_KEY_UIUserInterfaceStyle = Light;
				IPHONEOS_DEPLOYMENT_TARGET = 16.0;
				LD_RUNPATH_SEARCH_PATHS = (
					"$(inherited)",
					"@executable_path/Frameworks",
				);
				MARKETING_VERSION = 1.0;
				PRODUCT_BUNDLE_IDENTIFIER = com.harvey.DaItSSo;
				PRODUCT_NAME = "$(TARGET_NAME)";
				SUPPORTED_PLATFORMS = "iphoneos iphonesimulator";
				SUPPORTS_MACCATALYST = NO;
				SUPPORTS_MAC_DESIGNED_FOR_IPHONE_IPAD = NO;
				SUPPORTS_XR_DESIGNED_FOR_IPHONE_IPAD = NO;
				SWIFT_EMIT_LOC_STRINGS = YES;
				SWIFT_VERSION = 5.0;
				TARGETED_DEVICE_FAMILY = 1;
			};
			name = Debug;
		};
		04266FD32C1B3736007C8197 /* Release */ = {
			isa = XCBuildConfiguration;
			buildSettings = {
				ASSETCATALOG_COMPILER_APPICON_NAME = AppIcon;
				ASSETCATALOG_COMPILER_GLOBAL_ACCENT_COLOR_NAME = AccentColor;
				CODE_SIGN_STYLE = Automatic;
				CURRENT_PROJECT_VERSION = 1;
				DEVELOPMENT_TEAM = "";
				GENERATE_INFOPLIST_FILE = YES;
				INFOPLIST_FILE = DaItSSo/Info.plist;
				INFOPLIST_KEY_CFBundleDisplayName = "김상규";
				INFOPLIST_KEY_UIApplicationSupportsIndirectInputEvents = YES;
				INFOPLIST_KEY_UILaunchStoryboardName = LaunchScreen;
				INFOPLIST_KEY_UISupportedInterfaceOrientations = UIInterfaceOrientationPortrait;
				INFOPLIST_KEY_UISupportedInterfaceOrientations_iPad = UIInterfaceOrientationPortrait;
				INFOPLIST_KEY_UIUserInterfaceStyle = Light;
				IPHONEOS_DEPLOYMENT_TARGET = 16.0;
				LD_RUNPATH_SEARCH_PATHS = (
					"$(inherited)",
					"@executable_path/Frameworks",
				);
				MARKETING_VERSION = 1.0;
				PRODUCT_BUNDLE_IDENTIFIER = com.harvey.DaItSSo;
				PRODUCT_NAME = "$(TARGET_NAME)";
				SUPPORTED_PLATFORMS = "iphoneos iphonesimulator";
				SUPPORTS_MACCATALYST = NO;
				SUPPORTS_MAC_DESIGNED_FOR_IPHONE_IPAD = NO;
				SUPPORTS_XR_DESIGNED_FOR_IPHONE_IPAD = NO;
				SWIFT_EMIT_LOC_STRINGS = YES;
				SWIFT_VERSION = 5.0;
				TARGETED_DEVICE_FAMILY = 1;
			};
			name = Release;
		};
/* End XCBuildConfiguration section */

/* Begin XCConfigurationList section */
		04266FB82C1B3735007C8197 /* Build configuration list for PBXProject "DaItSSo" */ = {
			isa = XCConfigurationList;
			buildConfigurations = (
				04266FCF2C1B3736007C8197 /* Debug */,
				04266FD02C1B3736007C8197 /* Release */,
			);
			defaultConfigurationIsVisible = 0;
			defaultConfigurationName = Release;
		};
		04266FD12C1B3736007C8197 /* Build configuration list for PBXNativeTarget "DaItSSo" */ = {
			isa = XCConfigurationList;
			buildConfigurations = (
				04266FD22C1B3736007C8197 /* Debug */,
				04266FD32C1B3736007C8197 /* Release */,
			);
			defaultConfigurationIsVisible = 0;
			defaultConfigurationName = Release;
		};
/* End XCConfigurationList section */

/* Begin XCRemoteSwiftPackageReference section */
		04266FD42C1B3800007C8197 /* XCRemoteSwiftPackageReference "SnapKit" */ = {
			isa = XCRemoteSwiftPackageReference;
			repositoryURL = "https://github.com/SnapKit/SnapKit.git";
			requirement = {
				kind = upToNextMajorVersion;
				minimumVersion = 5.7.1;
			};
		};
		04266FD72C1B380A007C8197 /* XCRemoteSwiftPackageReference "Alamofire" */ = {
			isa = XCRemoteSwiftPackageReference;
			repositoryURL = "https://github.com/Alamofire/Alamofire.git";
			requirement = {
				kind = upToNextMajorVersion;
				minimumVersion = 5.9.1;
			};
		};
		04266FDA2C1B3813007C8197 /* XCRemoteSwiftPackageReference "Kingfisher" */ = {
			isa = XCRemoteSwiftPackageReference;
			repositoryURL = "https://github.com/onevcat/Kingfisher.git";
			requirement = {
				kind = upToNextMajorVersion;
				minimumVersion = 7.12.0;
			};
		};
		04266FDD2C1B381A007C8197 /* XCRemoteSwiftPackageReference "IQKeyboardManager" */ = {
			isa = XCRemoteSwiftPackageReference;
			repositoryURL = "https://github.com/hackiftekhar/IQKeyboardManager.git";
			requirement = {
				kind = upToNextMajorVersion;
				minimumVersion = 7.0.3;
			};
		};
		042E42622C2D07F70024E5A2 /* XCRemoteSwiftPackageReference "Reachability" */ = {
			isa = XCRemoteSwiftPackageReference;
			repositoryURL = "https://github.com/ashleymills/Reachability.swift";
			requirement = {
				branch = master;
				kind = branch;
			};
		};
		04C265002C393BF4009EDDB9 /* XCRemoteSwiftPackageReference "realm-swift" */ = {
			isa = XCRemoteSwiftPackageReference;
			repositoryURL = "https://github.com/realm/realm-swift.git";
			requirement = {
				kind = exactVersion;
				version = 10.52.1;
			};
		};
/* End XCRemoteSwiftPackageReference section */

/* Begin XCSwiftPackageProductDependency section */
		04266FD52C1B3800007C8197 /* SnapKit */ = {
			isa = XCSwiftPackageProductDependency;
			package = 04266FD42C1B3800007C8197 /* XCRemoteSwiftPackageReference "SnapKit" */;
			productName = SnapKit;
		};
		04266FD82C1B380A007C8197 /* Alamofire */ = {
			isa = XCSwiftPackageProductDependency;
			package = 04266FD72C1B380A007C8197 /* XCRemoteSwiftPackageReference "Alamofire" */;
			productName = Alamofire;
		};
		04266FDB2C1B3813007C8197 /* Kingfisher */ = {
			isa = XCSwiftPackageProductDependency;
			package = 04266FDA2C1B3813007C8197 /* XCRemoteSwiftPackageReference "Kingfisher" */;
			productName = Kingfisher;
		};
		04266FDE2C1B381A007C8197 /* IQKeyboardManagerSwift */ = {
			isa = XCSwiftPackageProductDependency;
			package = 04266FDD2C1B381A007C8197 /* XCRemoteSwiftPackageReference "IQKeyboardManager" */;
			productName = IQKeyboardManagerSwift;
		};
		042E42632C2D07F70024E5A2 /* Reachability */ = {
			isa = XCSwiftPackageProductDependency;
			package = 042E42622C2D07F70024E5A2 /* XCRemoteSwiftPackageReference "Reachability" */;
			productName = Reachability;
		};
		04C265012C393BF4009EDDB9 /* RealmSwift */ = {
			isa = XCSwiftPackageProductDependency;
			package = 04C265002C393BF4009EDDB9 /* XCRemoteSwiftPackageReference "realm-swift" */;
			productName = RealmSwift;
		};
/* End XCSwiftPackageProductDependency section */
	};
	rootObject = 04266FB52C1B3735007C8197 /* Project object */;
}
